
Microsoft Visual Studio Solution File, Format Version 12.00
# Visual Studio Version 17
VisualStudioVersion = 17.9.34728.123
MinimumVisualStudioVersion = 10.0.40219.1
Project("{FAE04EC0-301F-11D3-BF4B-00C04F79EFBC}") = "BradleyHouse", "BradleyHouse.csproj", "{A912C376-1228-43D2-A09A-DE39AEA53659}"
EndProject
Global
	GlobalSection(SolutionConfigurationPlatforms) = preSolution
		Debug|Any CPU = Debug|Any CPU
		Release|Any CPU = Release|Any CPU
	EndGlobalSection
	GlobalSection(ProjectConfigurationPlatforms) = postSolution
		{A912C376-1228-43D2-A09A-DE39AEA53659}.Debug|Any CPU.ActiveCfg = Debug|Any CPU
		{A912C376-1228-43D2-A09A-DE39AEA53659}.Debug|Any CPU.Build.0 = Debug|Any CPU
		{A912C376-1228-43D2-A09A-DE39AEA53659}.Release|Any CPU.ActiveCfg = Release|Any CPU
		{A912C376-1228-43D2-A09A-DE39AEA53659}.Release|Any CPU.Build.0 = Release|Any CPU
	EndGlobalSection
	GlobalSection(SolutionProperties) = preSolution
		HideSolutionNode = FALSE
	EndGlobalSection
	GlobalSection(ExtensibilityGlobals) = postSolution
		SolutionGuid = {A5F179FC-0B5A-4B16-B180-01B25DEC1859}
	EndGlobalSection
EndGlobal
